// !$*UTF8*$!
{
	archiveVersion = 1;
	classes = {
	};
	objectVersion = 46;
	objects = {

/* Begin PBXBuildFile section */
		B44585C71DAA027E007A302D /* main.swift in Sources */ = {isa = PBXBuildFile; fileRef = B44585C61DAA027E007A302D /* main.swift */; };
		B44585D41DAADA1C007A302D /* CalcArrayPointsTest.swift in Sources */ = {isa = PBXBuildFile; fileRef = B44585D31DAADA1C007A302D /* CalcArrayPointsTest.swift */; };
		B44585DC1DAADC95007A302D /* CalcArrayPointsUnitTests.swift in Sources */ = {isa = PBXBuildFile; fileRef = B44585DB1DAADC95007A302D /* CalcArrayPointsUnitTests.swift */; };
		B44585DD1DAADD02007A302D /* main.swift in Sources */ = {isa = PBXBuildFile; fileRef = B44585C61DAA027E007A302D /* main.swift */; };
/* End PBXBuildFile section */

/* Begin PBXCopyFilesBuildPhase section */
		B44585C11DAA027E007A302D /* CopyFiles */ = {
			isa = PBXCopyFilesBuildPhase;
			buildActionMask = 2147483647;
			dstPath = /usr/share/man/man1/;
			dstSubfolderSpec = 0;
			files = (
			);
			runOnlyForDeploymentPostprocessing = 1;
		};
/* End PBXCopyFilesBuildPhase section */

/* Begin PBXFileReference section */
		B44585C31DAA027E007A302D /* CalcArrayPoints */ = {isa = PBXFileReference; explicitFileType = "compiled.mach-o.executable"; includeInIndex = 0; path = CalcArrayPoints; sourceTree = BUILT_PRODUCTS_DIR; };
		B44585C61DAA027E007A302D /* main.swift */ = {isa = PBXFileReference; lastKnownFileType = sourcecode.swift; path = main.swift; sourceTree = "<group>"; };
		B44585D11DAADA1C007A302D /* CalcArrayPointsTest.xctest */ = {isa = PBXFileReference; explicitFileType = wrapper.cfbundle; includeInIndex = 0; path = CalcArrayPointsTest.xctest; sourceTree = BUILT_PRODUCTS_DIR; };
		B44585D31DAADA1C007A302D /* CalcArrayPointsTest.swift */ = {isa = PBXFileReference; lastKnownFileType = sourcecode.swift; path = CalcArrayPointsTest.swift; sourceTree = "<group>"; };
		B44585D51DAADA1C007A302D /* Info.plist */ = {isa = PBXFileReference; lastKnownFileType = text.plist.xml; path = Info.plist; sourceTree = "<group>"; };
		B44585DB1DAADC95007A302D /* CalcArrayPointsUnitTests.swift */ = {isa = PBXFileReference; fileEncoding = 4; lastKnownFileType = sourcecode.swift; path = CalcArrayPointsUnitTests.swift; sourceTree = "<group>"; };
/* End PBXFileReference section */

/* Begin PBXFrameworksBuildPhase section */
		B44585C01DAA027E007A302D /* Frameworks */ = {
			isa = PBXFrameworksBuildPhase;
			buildActionMask = 2147483647;
			files = (
			);
			runOnlyForDeploymentPostprocessing = 0;
		};
		B44585CE1DAADA1C007A302D /* Frameworks */ = {
			isa = PBXFrameworksBuildPhase;
			buildActionMask = 2147483647;
			files = (
			);
			runOnlyForDeploymentPostprocessing = 0;
		};
/* End PBXFrameworksBuildPhase section */

/* Begin PBXGroup section */
		B44585BA1DAA027E007A302D = {
			isa = PBXGroup;
			children = (
				B44585C51DAA027E007A302D /* CalcArrayPoints */,
				B44585D21DAADA1C007A302D /* CalcArrayPointsTest */,
				B44585C41DAA027E007A302D /* Products */,
			);
			sourceTree = "<group>";
		};
		B44585C41DAA027E007A302D /* Products */ = {
			isa = PBXGroup;
			children = (
				B44585C31DAA027E007A302D /* CalcArrayPoints */,
				B44585D11DAADA1C007A302D /* CalcArrayPointsTest.xctest */,
			);
			name = Products;
			sourceTree = "<group>";
		};
		B44585C51DAA027E007A302D /* CalcArrayPoints */ = {
			isa = PBXGroup;
			children = (
				B44585C61DAA027E007A302D /* main.swift */,
			);
			path = CalcArrayPoints;
			sourceTree = "<group>";
		};
		B44585D21DAADA1C007A302D /* CalcArrayPointsTest */ = {
			isa = PBXGroup;
			children = (
				B44585D31DAADA1C007A302D /* CalcArrayPointsTest.swift */,
				B44585DB1DAADC95007A302D /* CalcArrayPointsUnitTests.swift */,
				B44585D51DAADA1C007A302D /* Info.plist */,
			);
			path = CalcArrayPointsTest;
			sourceTree = "<group>";
		};
/* End PBXGroup section */

/* Begin PBXNativeTarget section */
		B44585C21DAA027E007A302D /* CalcArrayPoints */ = {
			isa = PBXNativeTarget;
			buildConfigurationList = B44585CA1DAA027E007A302D /* Build configuration list for PBXNativeTarget "CalcArrayPoints" */;
			buildPhases = (
				B44585BF1DAA027E007A302D /* Sources */,
				B44585C01DAA027E007A302D /* Frameworks */,
				B44585C11DAA027E007A302D /* CopyFiles */,
			);
			buildRules = (
			);
			dependencies = (
			);
			name = CalcArrayPoints;
			productName = CalcArrayPoints;
			productReference = B44585C31DAA027E007A302D /* CalcArrayPoints */;
			productType = "com.apple.product-type.tool";
		};
		B44585D01DAADA1C007A302D /* CalcArrayPointsTest */ = {
			isa = PBXNativeTarget;
			buildConfigurationList = B44585D61DAADA1C007A302D /* Build configuration list for PBXNativeTarget "CalcArrayPointsTest" */;
			buildPhases = (
				B44585CD1DAADA1C007A302D /* Sources */,
				B44585CE1DAADA1C007A302D /* Frameworks */,
				B44585CF1DAADA1C007A302D /* Resources */,
			);
			buildRules = (
			);
			dependencies = (
			);
			name = CalcArrayPointsTest;
			productName = CalcArrayPointsTest;
			productReference = B44585D11DAADA1C007A302D /* CalcArrayPointsTest.xctest */;
			productType = "com.apple.product-type.bundle.unit-test";
		};
/* End PBXNativeTarget section */

/* Begin PBXProject section */
		B44585BB1DAA027E007A302D /* Project object */ = {
			isa = PBXProject;
			attributes = {
				LastSwiftUpdateCheck = 0800;
				LastUpgradeCheck = 0800;
				ORGANIZATIONNAME = "Arjun Lalwani";
				TargetAttributes = {
					B44585C21DAA027E007A302D = {
						CreatedOnToolsVersion = 8.0;
						DevelopmentTeam = WN3QYBSRHG;
						ProvisioningStyle = Automatic;
					};
					B44585D01DAADA1C007A302D = {
						CreatedOnToolsVersion = 8.0;
						DevelopmentTeam = WN3QYBSRHG;
						ProvisioningStyle = Automatic;
					};
				};
			};
			buildConfigurationList = B44585BE1DAA027E007A302D /* Build configuration list for PBXProject "CalcArrayPoints" */;
			compatibilityVersion = "Xcode 3.2";
			developmentRegion = English;
			hasScannedForEncodings = 0;
			knownRegions = (
				en,
			);
			mainGroup = B44585BA1DAA027E007A302D;
			productRefGroup = B44585C41DAA027E007A302D /* Products */;
			projectDirPath = "";
			projectRoot = "";
			targets = (
				B44585C21DAA027E007A302D /* CalcArrayPoints */,
				B44585D01DAADA1C007A302D /* CalcArrayPointsTest */,
			);
		};
/* End PBXProject section */

/* Begin PBXResourcesBuildPhase section */
		B44585CF1DAADA1C007A302D /* Resources */ = {
			isa = PBXResourcesBuildPhase;
			buildActionMask = 2147483647;
			files = (
			);
			runOnlyForDeploymentPostprocessing = 0;
		};
/* End PBXResourcesBuildPhase section */

/* Begin PBXSourcesBuildPhase section */
		B44585BF1DAA027E007A302D /* Sources */ = {
			isa = PBXSourcesBuildPhase;
			buildActionMask = 2147483647;
			files = (
				B44585C71DAA027E007A302D /* main.swift in Sources */,
			);
			runOnlyForDeploymentPostprocessing = 0;
		};
		B44585CD1DAADA1C007A302D /* Sources */ = {
			isa = PBXSourcesBuildPhase;
			buildActionMask = 2147483647;
			files = (
				B44585D41DAADA1C007A302D /* CalcArrayPointsTest.swift in Sources */,
				B44585DC1DAADC95007A302D /* CalcArrayPointsUnitTests.swift in Sources */,
				B44585DD1DAADD02007A302D /* main.swift in Sources */,
			);
			runOnlyForDeploymentPostprocessing = 0;
		};
/* End PBXSourcesBuildPhase section */

/* Begin XCBuildConfiguration section */
		B44585C81DAA027E007A302D /* Debug */ = {
			isa = XCBuildConfiguration;
			buildSettings = {
				ALWAYS_SEARCH_USER_PATHS = NO;
				CLANG_ANALYZER_NONNULL = YES;
				CLANG_CXX_LANGUAGE_STANDARD = "gnu++0x";
				CLANG_CXX_LIBRARY = "libc++";
				CLANG_ENABLE_MODULES = YES;
				CLANG_ENABLE_OBJC_ARC = YES;
				CLANG_WARN_BOOL_CONVERSION = YES;
				CLANG_WARN_CONSTANT_CONVERSION = YES;
				CLANG_WARN_DIRECT_OBJC_ISA_USAGE = YES_ERROR;
				CLANG_WARN_DOCUMENTATION_COMMENTS = YES;
				CLANG_WARN_EMPTY_BODY = YES;
				CLANG_WARN_ENUM_CONVERSION = YES;
				CLANG_WARN_INFINITE_RECURSION = YES;
				CLANG_WARN_INT_CONVERSION = YES;
				CLANG_WARN_OBJC_ROOT_CLASS = YES_ERROR;
				CLANG_WARN_SUSPICIOUS_MOVES = YES;
				CLANG_WARN_UNREACHABLE_CODE = YES;
				CLANG_WARN__DUPLICATE_METHOD_MATCH = YES;
				CODE_SIGN_IDENTITY = "-";
				COPY_PHASE_STRIP = NO;
				DEBUG_INFORMATION_FORMAT = dwarf;
				ENABLE_STRICT_OBJC_MSGSEND = YES;
				ENABLE_TESTABILITY = YES;
				GCC_C_LANGUAGE_STANDARD = gnu99;
				GCC_DYNAMIC_NO_PIC = NO;
				GCC_NO_COMMON_BLOCKS = YES;
				GCC_OPTIMIZATION_LEVEL = 0;
				GCC_PREPROCESSOR_DEFINITIONS = (
					"DEBUG=1",
					"$(inherited)",
				);
				GCC_WARN_64_TO_32_BIT_CONVERSION = YES;
				GCC_WARN_ABOUT_RETURN_TYPE = YES_ERROR;
				GCC_WARN_UNDECLARED_SELECTOR = YES;
				GCC_WARN_UNINITIALIZED_AUTOS = YES_AGGRESSIVE;
				GCC_WARN_UNUSED_FUNCTION = YES;
				GCC_WARN_UNUSED_VARIABLE = YES;
				MACOSX_DEPLOYMENT_TARGET = 10.11;
				MTL_ENABLE_DEBUG_INFO = YES;
				ONLY_ACTIVE_ARCH = YES;
				SDKROOT = macosx;
				SWIFT_OPTIMIZATION_LEVEL = "-Onone";
			};
			name = Debug;
		};
		B44585C91DAA027E007A302D /* Release */ = {
			isa = XCBuildConfiguration;
			buildSettings = {
				ALWAYS_SEARCH_USER_PATHS = NO;
				CLANG_ANALYZER_NONNULL = YES;
				CLANG_CXX_LANGUAGE_STANDARD = "gnu++0x";
				CLANG_CXX_LIBRARY = "libc++";
				CLANG_ENABLE_MODULES = YES;
				CLANG_ENABLE_OBJC_ARC = YES;
				CLANG_WARN_BOOL_CONVERSION = YES;
				CLANG_WARN_CONSTANT_CONVERSION = YES;
				CLANG_WARN_DIRECT_OBJC_ISA_USAGE = YES_ERROR;
				CLANG_WARN_DOCUMENTATION_COMMENTS = YES;
				CLANG_WARN_EMPTY_BODY = YES;
				CLANG_WARN_ENUM_CONVERSION = YES;
				CLANG_WARN_INFINITE_RECURSION = YES;
				CLANG_WARN_INT_CONVERSION = YES;
				CLANG_WARN_OBJC_ROOT_CLASS = YES_ERROR;
				CLANG_WARN_SUSPICIOUS_MOVES = YES;
				CLANG_WARN_UNREACHABLE_CODE = YES;
				CLANG_WARN__DUPLICATE_METHOD_MATCH = YES;
				CODE_SIGN_IDENTITY = "-";
				COPY_PHASE_STRIP = NO;
				DEBUG_INFORMATION_FORMAT = "dwarf-with-dsym";
				ENABLE_NS_ASSERTIONS = NO;
				ENABLE_STRICT_OBJC_MSGSEND = YES;
				GCC_C_LANGUAGE_STANDARD = gnu99;
				GCC_NO_COMMON_BLOCKS = YES;
				GCC_WARN_64_TO_32_BIT_CONVERSION = YES;
				GCC_WARN_ABOUT_RETURN_TYPE = YES_ERROR;
				GCC_WARN_UNDECLARED_SELECTOR = YES;
				GCC_WARN_UNINITIALIZED_AUTOS = YES_AGGRESSIVE;
				GCC_WARN_UNUSED_FUNCTION = YES;
				GCC_WARN_UNUSED_VARIABLE = YES;
				MACOSX_DEPLOYMENT_TARGET = 10.11;
				MTL_ENABLE_DEBUG_INFO = NO;
				SDKROOT = macosx;
			};
			name = Release;
		};
		B44585CB1DAA027E007A302D /* Debug */ = {
			isa = XCBuildConfiguration;
			buildSettings = {
				DEVELOPMENT_TEAM = WN3QYBSRHG;
				PRODUCT_NAME = "$(TARGET_NAME)";
				SWIFT_VERSION = 3.0;
			};
			name = Debug;
		};
		B44585CC1DAA027E007A302D /* Release */ = {
			isa = XCBuildConfiguration;
			buildSettings = {
				DEVELOPMENT_TEAM = WN3QYBSRHG;
				PRODUCT_NAME = "$(TARGET_NAME)";
				SWIFT_VERSION = 3.0;
			};
			name = Release;
		};
		B44585D71DAADA1C007A302D /* Debug */ = {
			isa = XCBuildConfiguration;
			buildSettings = {
				COMBINE_HIDPI_IMAGES = YES;
				DEVELOPMENT_TEAM = WN3QYBSRHG;
				INFOPLIST_FILE = CalcArrayPointsTest/Info.plist;
				LD_RUNPATH_SEARCH_PATHS = "$(inherited) @executable_path/../Frameworks @loader_path/../Frameworks";
				PRODUCT_BUNDLE_IDENTIFIER = "com.arjun-lalwani.CalcArrayPointsTest";
				PRODUCT_NAME = "$(TARGET_NAME)";
				SWIFT_ACTIVE_COMPILATION_CONDITIONS = DEBUG;
				SWIFT_VERSION = 3.0;
			};
			name = Debug;
		};
		B44585D81DAADA1C007A302D /* Release */ = {
			isa = XCBuildConfiguration;
			buildSettings = {
				COMBINE_HIDPI_IMAGES = YES;
				DEVELOPMENT_TEAM = WN3QYBSRHG;
				INFOPLIST_FILE = CalcArrayPointsTest/Info.plist;
				LD_RUNPATH_SEARCH_PATHS = "$(inherited) @executable_path/../Frameworks @loader_path/../Frameworks";
				PRODUCT_BUNDLE_IDENTIFIER = "com.arjun-lalwani.CalcArrayPointsTest";
				PRODUCT_NAME = "$(TARGET_NAME)";
				SWIFT_OPTIMIZATION_LEVEL = "-Owholemodule";
				SWIFT_VERSION = 3.0;
			};
			name = Release;
		};
/* End XCBuildConfiguration section */

/* Begin XCConfigurationList section */
		B44585BE1DAA027E007A302D /* Build configuration list for PBXProject "CalcArrayPoints" */ = {
			isa = XCConfigurationList;
			buildConfigurations = (
				B44585C81DAA027E007A302D /* Debug */,
				B44585C91DAA027E007A302D /* Release */,
			);
			defaultConfigurationIsVisible = 0;
			defaultConfigurationName = Release;
		};
		B44585CA1DAA027E007A302D /* Build configuration list for PBXNativeTarget "CalcArrayPoints" */ = {
			isa = XCConfigurationList;
			buildConfigurations = (
				B44585CB1DAA027E007A302D /* Debug */,
				B44585CC1DAA027E007A302D /* Release */,
			);
			defaultConfigurationIsVisible = 0;
		};
		B44585D61DAADA1C007A302D /* Build configuration list for PBXNativeTarget "CalcArrayPointsTest" */ = {
			isa = XCConfigurationList;
			buildConfigurations = (
				B44585D71DAADA1C007A302D /* Debug */,
				B44585D81DAADA1C007A302D /* Release */,
			);
			defaultConfigurationIsVisible = 0;
		};
/* End XCConfigurationList section */
	};
	rootObject = B44585BB1DAA027E007A302D /* Project object */;
}
